
Microsoft Visual Studio Solution File, Format Version 12.00
# Visual Studio Version 16
VisualStudioVersion = 16.0.31112.23
MinimumVisualStudioVersion = 10.0.40219.1
Project("{FAE04EC0-301F-11D3-BF4B-00C04F79EFBC}") = "MaitlandCodes.CodingAdventures.BudgetCloudWorkRequestApi", "MaitlandCodes.CodingAdventures.BudgetCloudWorkRequestApi\MaitlandCodes.CodingAdventures.BudgetCloudWorkRequestApi.csproj", "{8271C6A5-A4FB-4A45-B470-3488743A3018}"
EndProject
Global
	GlobalSection(SolutionConfigurationPlatforms) = preSolution
		Debug|Any CPU = Debug|Any CPU
		Release|Any CPU = Release|Any CPU
	EndGlobalSection
	GlobalSection(ProjectConfigurationPlatforms) = postSolution
		{8271C6A5-A4FB-4A45-B470-3488743A3018}.Debug|Any CPU.ActiveCfg = Debug|Any CPU
		{8271C6A5-A4FB-4A45-B470-3488743A3018}.Debug|Any CPU.Build.0 = Debug|Any CPU
		{8271C6A5-A4FB-4A45-B470-3488743A3018}.Release|Any CPU.ActiveCfg = Release|Any CPU
		{8271C6A5-A4FB-4A45-B470-3488743A3018}.Release|Any CPU.Build.0 = Release|Any CPU
	EndGlobalSection
	GlobalSection(SolutionProperties) = preSolution
		HideSolutionNode = FALSE
	EndGlobalSection
	GlobalSection(ExtensibilityGlobals) = postSolution
		SolutionGuid = {3FD93FD0-8EEA-44AC-88F3-154E53E8B6B0}
	EndGlobalSection
EndGlobal
